
Microsoft Visual Studio Solution File, Format Version 12.00
# Visual Studio 15
VisualStudioVersion = 15.0.27703.2035
MinimumVisualStudioVersion = 10.0.40219.1
Project("{FAE04EC0-301F-11D3-BF4B-00C04F79EFBC}") = "ProblemOfTheWeek_20181128", "ProblemOfTheWeek_20181128\ProblemOfTheWeek_20181128.csproj", "{4914604B-89F2-41B9-9EE7-197AA9FA5D6E}"
EndProject
Global
	GlobalSection(SolutionConfigurationPlatforms) = preSolution
		Debug|Any CPU = Debug|Any CPU
		Release|Any CPU = Release|Any CPU
	EndGlobalSection
	GlobalSection(ProjectConfigurationPlatforms) = postSolution
		{4914604B-89F2-41B9-9EE7-197AA9FA5D6E}.Debug|Any CPU.ActiveCfg = Debug|Any CPU
		{4914604B-89F2-41B9-9EE7-197AA9FA5D6E}.Debug|Any CPU.Build.0 = Debug|Any CPU
		{4914604B-89F2-41B9-9EE7-197AA9FA5D6E}.Release|Any CPU.ActiveCfg = Release|Any CPU
		{4914604B-89F2-41B9-9EE7-197AA9FA5D6E}.Release|Any CPU.Build.0 = Release|Any CPU
	EndGlobalSection
	GlobalSection(SolutionProperties) = preSolution
		HideSolutionNode = FALSE
	EndGlobalSection
	GlobalSection(ExtensibilityGlobals) = postSolution
		SolutionGuid = {5E4351C7-672B-44D5-BAF9-2C34A5B2D187}
	EndGlobalSection
EndGlobal
